dependencies:
  idf:
    component_hash: null
    source:
      type: idf
    version: 5.1.0
  sukuwc/grid_common:
    component_hash: adf873d8621140591210fe9a1effb2173a7b8b389a6bada74082d1f62bb31290
    source:
      service_url: https://api.components.espressif.com/
      type: service
    version: 1.0.7
manifest_hash: e12bb75c4b1a0bc914bdcb646f359b68f809abebf3539f4d8f8f7b2f196896ea
target: esp32s3
version: 1.0.0
